
Microsoft Visual Studio Solution File, Format Version 12.00
# Visual Studio Version 16
VisualStudioVersion = 16.0.31019.35
MinimumVisualStudioVersion = 10.0.40219.1
Project("{F184B08F-C81C-45F6-A57F-5ABD9991F28F}") = "lvc_HouseholdAccountBook", "lvc_HouseholdAccountBook\lvc_HouseholdAccountBook.vbproj", "{51FD2D5C-5852-4825-9312-3C916E65A8BA}"
EndProject
Global
	GlobalSection(SolutionConfigurationPlatforms) = preSolution
		Debug|Any CPU = Debug|Any CPU
		Release|Any CPU = Release|Any CPU
	EndGlobalSection
	GlobalSection(ProjectConfigurationPlatforms) = postSolution
		{51FD2D5C-5852-4825-9312-3C916E65A8BA}.Debug|Any CPU.ActiveCfg = Debug|Any CPU
		{51FD2D5C-5852-4825-9312-3C916E65A8BA}.Debug|Any CPU.Build.0 = Debug|Any CPU
		{51FD2D5C-5852-4825-9312-3C916E65A8BA}.Release|Any CPU.ActiveCfg = Release|Any CPU
		{51FD2D5C-5852-4825-9312-3C916E65A8BA}.Release|Any CPU.Build.0 = Release|Any CPU
	EndGlobalSection
	GlobalSection(SolutionProperties) = preSolution
		HideSolutionNode = FALSE
	EndGlobalSection
	GlobalSection(ExtensibilityGlobals) = postSolution
		SolutionGuid = {7CABFA9F-6164-4341-A939-AEF68428BD55}
	EndGlobalSection
EndGlobal
